
Microsoft Visual Studio Solution File, Format Version 12.00
# Visual Studio 2013
VisualStudioVersion = 12.0.30723.0
MinimumVisualStudioVersion = 10.0.40219.1
Project("{FAE04EC0-301F-11D3-BF4B-00C04F79EFBC}") = "01. WebsiteHeader", "01. WebsiteHeader\01. WebsiteHeader.csproj", "{1BAD2C7C-8D03-4A0F-BE41-D680A6B6148B}"
EndProject
Project("{FAE04EC0-301F-11D3-BF4B-00C04F79EFBC}") = "02. WebsiteFooter", "02. WebsiteFooter\02. WebsiteFooter.csproj", "{3421694E-0E26-43D0-820B-F4D01F6FAE5E}"
EndProject
Global
	GlobalSection(SolutionConfigurationPlatforms) = preSolution
		Debug|Any CPU = Debug|Any CPU
		Release|Any CPU = Release|Any CPU
	EndGlobalSection
	GlobalSection(ProjectConfigurationPlatforms) = postSolution
		{1BAD2C7C-8D03-4A0F-BE41-D680A6B6148B}.Debug|Any CPU.ActiveCfg = Debug|Any CPU
		{1BAD2C7C-8D03-4A0F-BE41-D680A6B6148B}.Debug|Any CPU.Build.0 = Debug|Any CPU
		{1BAD2C7C-8D03-4A0F-BE41-D680A6B6148B}.Release|Any CPU.ActiveCfg = Release|Any CPU
		{1BAD2C7C-8D03-4A0F-BE41-D680A6B6148B}.Release|Any CPU.Build.0 = Release|Any CPU
		{3421694E-0E26-43D0-820B-F4D01F6FAE5E}.Debug|Any CPU.ActiveCfg = Debug|Any CPU
		{3421694E-0E26-43D0-820B-F4D01F6FAE5E}.Debug|Any CPU.Build.0 = Debug|Any CPU
		{3421694E-0E26-43D0-820B-F4D01F6FAE5E}.Release|Any CPU.ActiveCfg = Release|Any CPU
		{3421694E-0E26-43D0-820B-F4D01F6FAE5E}.Release|Any CPU.Build.0 = Release|Any CPU
	EndGlobalSection
	GlobalSection(SolutionProperties) = preSolution
		HideSolutionNode = FALSE
	EndGlobalSection
EndGlobal
